Microsoft Visual Studio Solution File, Format Version 11.00
# Visual Studio 2008

Project("{3E796F71-633C-3CCC-A8E9-1E3626ABF292}") = "BA-rAIce", "Assembly-CSharp.csproj", "{B942068E-8125-2E2E-C609-55C4768B9B15}"
EndProject
Global
	GlobalSection(SolutionConfigurationPlatforms) = preSolution
		Debug|Any CPU = Debug|Any CPU
		Release|Any CPU = Release|Any CPU
	EndGlobalSection
	GlobalSection(ProjectConfigurationPlatforms) = postSolution
		{B942068E-8125-2E2E-C609-55C4768B9B15}.Debug|Any CPU.ActiveCfg = Debug|Any CPU
		{B942068E-8125-2E2E-C609-55C4768B9B15}.Debug|Any CPU.Build.0 = Debug|Any CPU
		{B942068E-8125-2E2E-C609-55C4768B9B15}.Release|Any CPU.ActiveCfg = Release|Any CPU
		{B942068E-8125-2E2E-C609-55C4768B9B15}.Release|Any CPU.Build.0 = Release|Any CPU
	EndGlobalSection
	GlobalSection(SolutionProperties) = preSolution
		HideSolutionNode = FALSE
	EndGlobalSection
	GlobalSection(MonoDevelopProperties) = preSolution
		StartupItem = Assembly-CSharp.csproj
	EndGlobalSection
EndGlobal
